
Microsoft Visual Studio Solution File, Format Version 12.00
# Visual Studio 15
VisualStudioVersion = 15.0.28307.572
MinimumVisualStudioVersion = 10.0.40219.1
Project("{FAE04EC0-301F-11D3-BF4B-00C04F79EFBC}") = "TestNotifications.Android", "TestNotifications\TestNotifications.Android\TestNotifications.Android.csproj", "{47F6C5DA-AA32-4AA7-A505-2533D5400023}"
EndProject
Project("{FAE04EC0-301F-11D3-BF4B-00C04F79EFBC}") = "TestNotifications.iOS", "TestNotifications\TestNotifications.iOS\TestNotifications.iOS.csproj", "{E2C5BC2D-3B32-401B-A5E5-7A363EE2619C}"
EndProject
Project("{FAE04EC0-301F-11D3-BF4B-00C04F79EFBC}") = "TestNotifications", "TestNotifications\TestNotifications\TestNotifications.csproj", "{719A901E-4BD9-4657-BF23-2CDAFF70FB6E}"
EndProject
Global
	GlobalSection(SolutionConfigurationPlatforms) = preSolution
		Ad-Hoc|Any CPU = Ad-Hoc|Any CPU
		Ad-Hoc|iPhone = Ad-Hoc|iPhone
		Ad-Hoc|iPhoneSimulator = Ad-Hoc|iPhoneSimulator
		AppStore|Any CPU = AppStore|Any CPU
		AppStore|iPhone = AppStore|iPhone
		AppStore|iPhoneSimulator = AppStore|iPhoneSimulator
		Debug|Any CPU = Debug|Any CPU
		Debug|iPhone = Debug|iPhone
		Debug|iPhoneSimulator = Debug|iPhoneSimulator
		Release|Any CPU = Release|Any CPU
		Release|iPhone = Release|iPhone
		Release|iPhoneSimulator = Release|iPhoneSimulator
	EndGlobalSection
	GlobalSection(ProjectConfigurationPlatforms) = postSolution
		{47F6C5DA-AA32-4AA7-A505-2533D5400023}.Ad-Hoc|Any CPU.ActiveCfg = Release|Any CPU
		{47F6C5DA-AA32-4AA7-A505-2533D5400023}.Ad-Hoc|Any CPU.Build.0 = Release|Any CPU
		{47F6C5DA-AA32-4AA7-A505-2533D5400023}.Ad-Hoc|Any CPU.Deploy.0 = Release|Any CPU
		{47F6C5DA-AA32-4AA7-A505-2533D5400023}.Ad-Hoc|iPhone.ActiveCfg = Release|Any CPU
		{47F6C5DA-AA32-4AA7-A505-2533D5400023}.Ad-Hoc|iPhone.Build.0 = Release|Any CPU
		{47F6C5DA-AA32-4AA7-A505-2533D5400023}.Ad-Hoc|iPhone.Deploy.0 = Release|Any CPU
		{47F6C5DA-AA32-4AA7-A505-2533D5400023}.Ad-Hoc|iPhoneSimulator.ActiveCfg = Release|Any CPU
		{47F6C5DA-AA32-4AA7-A505-2533D5400023}.Ad-Hoc|iPhoneSimulator.Build.0 = Release|Any CPU
		{47F6C5DA-AA32-4AA7-A505-2533D5400023}.Ad-Hoc|iPhoneSimulator.Deploy.0 = Release|Any CPU
		{47F6C5DA-AA32-4AA7-A505-2533D5400023}.AppStore|Any CPU.ActiveCfg = Release|Any CPU
		{47F6C5DA-AA32-4AA7-A505-2533D5400023}.AppStore|Any CPU.Build.0 = Release|Any CPU
		{47F6C5DA-AA32-4AA7-A505-2533D5400023}.AppStore|Any CPU.Deploy.0 = Release|Any CPU
		{47F6C5DA-AA32-4AA7-A505-2533D5400023}.AppStore|iPhone.ActiveCfg = Release|Any CPU
		{47F6C5DA-AA32-4AA7-A505-2533D5400023}.AppStore|iPhone.Build.0 = Release|Any CPU
		{47F6C5DA-AA32-4AA7-A505-2533D5400023}.AppStore|iPhone.Deploy.0 = Release|Any CPU
		{47F6C5DA-AA32-4AA7-A505-2533D5400023}.AppStore|iPhoneSimulator.ActiveCfg = Release|Any CPU
		{47F6C5DA-AA32-4AA7-A505-2533D5400023}.AppStore|iPhoneSimulator.Build.0 = Release|Any CPU
		{47F6C5DA-AA32-4AA7-A505-2533D5400023}.AppStore|iPhoneSimulator.Deploy.0 = Release|Any CPU
		{47F6C5DA-AA32-4AA7-A505-2533D5400023}.Debug|Any CPU.ActiveCfg = Debug|Any CPU
		{47F6C5DA-AA32-4AA7-A505-2533D5400023}.Debug|Any CPU.Build.0 = Debug|Any CPU
		{47F6C5DA-AA32-4AA7-A505-2533D5400023}.Debug|Any CPU.Deploy.0 = Debug|Any CPU
		{47F6C5DA-AA32-4AA7-A505-2533D5400023}.Debug|iPhone.ActiveCfg = Debug|Any CPU
		{47F6C5DA-AA32-4AA7-A505-2533D5400023}.Debug|iPhone.Build.0 = Debug|Any CPU
		{47F6C5DA-AA32-4AA7-A505-2533D5400023}.Debug|iPhone.Deploy.0 = Debug|Any CPU
		{47F6C5DA-AA32-4AA7-A505-2533D5400023}.Debug|iPhoneSimulator.ActiveCfg = Debug|Any CPU
		{47F6C5DA-AA32-4AA7-A505-2533D5400023}.Debug|iPhoneSimulator.Build.0 = Debug|Any CPU
		{47F6C5DA-AA32-4AA7-A505-2533D5400023}.Debug|iPhoneSimulator.Deploy.0 = Debug|Any CPU
		{47F6C5DA-AA32-4AA7-A505-2533D5400023}.Release|Any CPU.ActiveCfg = Release|Any CPU
		{47F6C5DA-AA32-4AA7-A505-2533D5400023}.Release|Any CPU.Build.0 = Release|Any CPU
		{47F6C5DA-AA32-4AA7-A505-2533D5400023}.Release|Any CPU.Deploy.0 = Release|Any CPU
		{47F6C5DA-AA32-4AA7-A505-2533D5400023}.Release|iPhone.ActiveCfg = Release|Any CPU
		{47F6C5DA-AA32-4AA7-A505-2533D5400023}.Release|iPhone.Build.0 = Release|Any CPU
		{47F6C5DA-AA32-4AA7-A505-2533D5400023}.Release|iPhone.Deploy.0 = Release|Any CPU
		{47F6C5DA-AA32-4AA7-A505-2533D5400023}.Release|iPhoneSimulator.ActiveCfg = Release|Any CPU
		{47F6C5DA-AA32-4AA7-A505-2533D5400023}.Release|iPhoneSimulator.Build.0 = Release|Any CPU
		{47F6C5DA-AA32-4AA7-A505-2533D5400023}.Release|iPhoneSimulator.Deploy.0 = Release|Any CPU
		{E2C5BC2D-3B32-401B-A5E5-7A363EE2619C}.Ad-Hoc|Any CPU.ActiveCfg = Ad-Hoc|iPhone
		{E2C5BC2D-3B32-401B-A5E5-7A363EE2619C}.Ad-Hoc|Any CPU.Build.0 = Ad-Hoc|iPhone
		{E2C5BC2D-3B32-401B-A5E5-7A363EE2619C}.Ad-Hoc|Any CPU.Deploy.0 = Ad-Hoc|iPhone
		{E2C5BC2D-3B32-401B-A5E5-7A363EE2619C}.Ad-Hoc|iPhone.ActiveCfg = Ad-Hoc|iPhone
		{E2C5BC2D-3B32-401B-A5E5-7A363EE2619C}.Ad-Hoc|iPhone.Build.0 = Ad-Hoc|iPhone
		{E2C5BC2D-3B32-401B-A5E5-7A363EE2619C}.Ad-Hoc|iPhone.Deploy.0 = Ad-Hoc|iPhone
		{E2C5BC2D-3B32-401B-A5E5-7A363EE2619C}.Ad-Hoc|iPhoneSimulator.ActiveCfg = Ad-Hoc|iPhoneSimulator
		{E2C5BC2D-3B32-401B-A5E5-7A363EE2619C}.Ad-Hoc|iPhoneSimulator.Build.0 = Ad-Hoc|iPhoneSimulator
		{E2C5BC2D-3B32-401B-A5E5-7A363EE2619C}.Ad-Hoc|iPhoneSimulator.Deploy.0 = Ad-Hoc|iPhoneSimulator
		{E2C5BC2D-3B32-401B-A5E5-7A363EE2619C}.AppStore|Any CPU.ActiveCfg = AppStore|iPhone
		{E2C5BC2D-3B32-401B-A5E5-7A363EE2619C}.AppStore|Any CPU.Build.0 = AppStore|iPhone
		{E2C5BC2D-3B32-401B-A5E5-7A363EE2619C}.AppStore|Any CPU.Deploy.0 = AppStore|iPhone
		{E2C5BC2D-3B32-401B-A5E5-7A363EE2619C}.AppStore|iPhone.ActiveCfg = AppStore|iPhone
		{E2C5BC2D-3B32-401B-A5E5-7A363EE2619C}.AppStore|iPhone.Build.0 = AppStore|iPhone
		{E2C5BC2D-3B32-401B-A5E5-7A363EE2619C}.AppStore|iPhone.Deploy.0 = AppStore|iPhone
		{E2C5BC2D-3B32-401B-A5E5-7A363EE2619C}.AppStore|iPhoneSimulator.ActiveCfg = AppStore|iPhoneSimulator
		{E2C5BC2D-3B32-401B-A5E5-7A363EE2619C}.AppStore|iPhoneSimulator.Build.0 = AppStore|iPhoneSimulator
		{E2C5BC2D-3B32-401B-A5E5-7A363EE2619C}.AppStore|iPhoneSimulator.Deploy.0 = AppStore|iPhoneSimulator
		{E2C5BC2D-3B32-401B-A5E5-7A363EE2619C}.Debug|Any CPU.ActiveCfg = Debug|iPhoneSimulator
		{E2C5BC2D-3B32-401B-A5E5-7A363EE2619C}.Debug|Any CPU.Build.0 = Debug|iPhoneSimulator
		{E2C5BC2D-3B32-401B-A5E5-7A363EE2619C}.Debug|Any CPU.Deploy.0 = Debug|iPhoneSimulator
		{E2C5BC2D-3B32-401B-A5E5-7A363EE2619C}.Debug|iPhone.ActiveCfg = Debug|iPhone
		{E2C5BC2D-3B32-401B-A5E5-7A363EE2619C}.Debug|iPhone.Build.0 = Debug|iPhone
		{E2C5BC2D-3B32-401B-A5E5-7A363EE2619C}.Debug|iPhone.Deploy.0 = Debug|iPhone
		{E2C5BC2D-3B32-401B-A5E5-7A363EE2619C}.Debug|iPhoneSimulator.ActiveCfg = Debug|iPhoneSimulator
		{E2C5BC2D-3B32-401B-A5E5-7A363EE2619C}.Debug|iPhoneSimulator.Build.0 = Debug|iPhoneSimulator
		{E2C5BC2D-3B32-401B-A5E5-7A363EE2619C}.Debug|iPhoneSimulator.Deploy.0 = Debug|iPhoneSimulator
		{E2C5BC2D-3B32-401B-A5E5-7A363EE2619C}.Release|Any CPU.ActiveCfg = Release|iPhone
		{E2C5BC2D-3B32-401B-A5E5-7A363EE2619C}.Release|Any CPU.Build.0 = Release|iPhone
		{E2C5BC2D-3B32-401B-A5E5-7A363EE2619C}.Release|Any CPU.Deploy.0 = Release|iPhone
		{E2C5BC2D-3B32-401B-A5E5-7A363EE2619C}.Release|iPhone.ActiveCfg = Release|iPhone
		{E2C5BC2D-3B32-401B-A5E5-7A363EE2619C}.Release|iPhone.Build.0 = Release|iPhone
		{E2C5BC2D-3B32-401B-A5E5-7A363EE2619C}.Release|iPhone.Deploy.0 = Release|iPhone
		{E2C5BC2D-3B32-401B-A5E5-7A363EE2619C}.Release|iPhoneSimulator.ActiveCfg = Release|iPhoneSimulator
		{E2C5BC2D-3B32-401B-A5E5-7A363EE2619C}.Release|iPhoneSimulator.Build.0 = Release|iPhoneSimulator
		{E2C5BC2D-3B32-401B-A5E5-7A363EE2619C}.Release|iPhoneSimulator.Deploy.0 = Release|iPhoneSimulator
		{719A901E-4BD9-4657-BF23-2CDAFF70FB6E}.Ad-Hoc|Any CPU.ActiveCfg = Debug|Any CPU
		{719A901E-4BD9-4657-BF23-2CDAFF70FB6E}.Ad-Hoc|Any CPU.Build.0 = Debug|Any CPU
		{719A901E-4BD9-4657-BF23-2CDAFF70FB6E}.Ad-Hoc|Any CPU.Deploy.0 = Debug|Any CPU
		{719A901E-4BD9-4657-BF23-2CDAFF70FB6E}.Ad-Hoc|iPhone.ActiveCfg = Debug|Any CPU
		{719A901E-4BD9-4657-BF23-2CDAFF70FB6E}.Ad-Hoc|iPhone.Build.0 = Debug|Any CPU
		{719A901E-4BD9-4657-BF23-2CDAFF70FB6E}.Ad-Hoc|iPhone.Deploy.0 = Debug|Any CPU
		{719A901E-4BD9-4657-BF23-2CDAFF70FB6E}.Ad-Hoc|iPhoneSimulator.ActiveCfg = Debug|Any CPU
		{719A901E-4BD9-4657-BF23-2CDAFF70FB6E}.Ad-Hoc|iPhoneSimulator.Build.0 = Debug|Any CPU
		{719A901E-4BD9-4657-BF23-2CDAFF70FB6E}.Ad-Hoc|iPhoneSimulator.Deploy.0 = Debug|Any CPU
		{719A901E-4BD9-4657-BF23-2CDAFF70FB6E}.AppStore|Any CPU.ActiveCfg = Debug|Any CPU
		{719A901E-4BD9-4657-BF23-2CDAFF70FB6E}.AppStore|Any CPU.Build.0 = Debug|Any CPU
		{719A901E-4BD9-4657-BF23-2CDAFF70FB6E}.AppStore|Any CPU.Deploy.0 = Debug|Any CPU
		{719A901E-4BD9-4657-BF23-2CDAFF70FB6E}.AppStore|iPhone.ActiveCfg = Debug|Any CPU
		{719A901E-4BD9-4657-BF23-2CDAFF70FB6E}.AppStore|iPhone.Build.0 = Debug|Any CPU
		{719A901E-4BD9-4657-BF23-2CDAFF70FB6E}.AppStore|iPhone.Deploy.0 = Debug|Any CPU
		{719A901E-4BD9-4657-BF23-2CDAFF70FB6E}.AppStore|iPhoneSimulator.ActiveCfg = Debug|Any CPU
		{719A901E-4BD9-4657-BF23-2CDAFF70FB6E}.AppStore|iPhoneSimulator.Build.0 = Debug|Any CPU
		{719A901E-4BD9-4657-BF23-2CDAFF70FB6E}.AppStore|iPhoneSimulator.Deploy.0 = Debug|Any CPU
		{719A901E-4BD9-4657-BF23-2CDAFF70FB6E}.Debug|Any CPU.ActiveCfg = Debug|Any CPU
		{719A901E-4BD9-4657-BF23-2CDAFF70FB6E}.Debug|Any CPU.Build.0 = Debug|Any CPU
		{719A901E-4BD9-4657-BF23-2CDAFF70FB6E}.Debug|Any CPU.Deploy.0 = Debug|Any CPU
		{719A901E-4BD9-4657-BF23-2CDAFF70FB6E}.Debug|iPhone.ActiveCfg = Debug|Any CPU
		{719A901E-4BD9-4657-BF23-2CDAFF70FB6E}.Debug|iPhone.Build.0 = Debug|Any CPU
		{719A901E-4BD9-4657-BF23-2CDAFF70FB6E}.Debug|iPhone.Deploy.0 = Debug|Any CPU
		{719A901E-4BD9-4657-BF23-2CDAFF70FB6E}.Debug|iPhoneSimulator.ActiveCfg = Debug|Any CPU
		{719A901E-4BD9-4657-BF23-2CDAFF70FB6E}.Debug|iPhoneSimulator.Build.0 = Debug|Any CPU
		{719A901E-4BD9-4657-BF23-2CDAFF70FB6E}.Debug|iPhoneSimulator.Deploy.0 = Debug|Any CPU
		{719A901E-4BD9-4657-BF23-2CDAFF70FB6E}.Release|Any CPU.ActiveCfg = Release|Any CPU
		{719A901E-4BD9-4657-BF23-2CDAFF70FB6E}.Release|Any CPU.Build.0 = Release|Any CPU
		{719A901E-4BD9-4657-BF23-2CDAFF70FB6E}.Release|Any CPU.Deploy.0 = Release|Any CPU
		{719A901E-4BD9-4657-BF23-2CDAFF70FB6E}.Release|iPhone.ActiveCfg = Release|Any CPU
		{719A901E-4BD9-4657-BF23-2CDAFF70FB6E}.Release|iPhone.Build.0 = Release|Any CPU
		{719A901E-4BD9-4657-BF23-2CDAFF70FB6E}.Release|iPhone.Deploy.0 = Release|Any CPU
		{719A901E-4BD9-4657-BF23-2CDAFF70FB6E}.Release|iPhoneSimulator.ActiveCfg = Release|Any CPU
		{719A901E-4BD9-4657-BF23-2CDAFF70FB6E}.Release|iPhoneSimulator.Build.0 = Release|Any CPU
		{719A901E-4BD9-4657-BF23-2CDAFF70FB6E}.Release|iPhoneSimulator.Deploy.0 = Release|Any CPU
	EndGlobalSection
	GlobalSection(SolutionProperties) = preSolution
		HideSolutionNode = FALSE
	EndGlobalSection
	GlobalSection(ExtensibilityGlobals) = postSolution
		SolutionGuid = {89B3F0B8-EE10-404C-B0D3-FB9D157CF349}
	EndGlobalSection
EndGlobal
